
Microsoft Visual Studio Solution File, Format Version 12.00
# Visual Studio 15
VisualStudioVersion = 15.0.28307.852
MinimumVisualStudioVersion = 10.0.40219.1
Project("{FAE04EC0-301F-11D3-BF4B-00C04F79EFBC}") = "Rarog", "Rarog\Rarog.csproj", "{3CC62E05-0E77-493C-ACAC-B6E076C0998C}"
EndProject
Project("{FAE04EC0-301F-11D3-BF4B-00C04F79EFBC}") = "UnitTests", "UnitTests\UnitTests.csproj", "{A4B591C8-409B-489A-A62E-7E19FE60BF0A}"
EndProject
Project("{FAE04EC0-301F-11D3-BF4B-00C04F79EFBC}") = "Engine", "Engine\Engine.csproj", "{CB27543B-2C6E-4161-BF3A-1BD19A26AB67}"
EndProject
Project("{FAE04EC0-301F-11D3-BF4B-00C04F79EFBC}") = "Server", "Server\Server.csproj", "{A9D55405-BD0B-4C83-93BD-C10AD1AF307C}"
EndProject
Project("{FAE04EC0-301F-11D3-BF4B-00C04F79EFBC}") = "ConsoleClient", "ConsoleClient\ConsoleClient.csproj", "{F747340D-3810-4C35-8E45-9D28D288A1E9}"
EndProject
Project("{FAE04EC0-301F-11D3-BF4B-00C04F79EFBC}") = "Client", "Client\Client.csproj", "{184948B2-E83F-43B0-831F-3308EEE62154}"
EndProject
Project("{FAE04EC0-301F-11D3-BF4B-00C04F79EFBC}") = "Common", "Common\Common.csproj", "{28B4494B-1A38-49AA-BB94-776FD2C24D60}"
EndProject
Global
	GlobalSection(SolutionConfigurationPlatforms) = preSolution
		Debug|Any CPU = Debug|Any CPU
		Release|Any CPU = Release|Any CPU
	EndGlobalSection
	GlobalSection(ProjectConfigurationPlatforms) = postSolution
		{3CC62E05-0E77-493C-ACAC-B6E076C0998C}.Debug|Any CPU.ActiveCfg = Debug|Any CPU
		{3CC62E05-0E77-493C-ACAC-B6E076C0998C}.Debug|Any CPU.Build.0 = Debug|Any CPU
		{3CC62E05-0E77-493C-ACAC-B6E076C0998C}.Release|Any CPU.ActiveCfg = Release|Any CPU
		{3CC62E05-0E77-493C-ACAC-B6E076C0998C}.Release|Any CPU.Build.0 = Release|Any CPU
		{A4B591C8-409B-489A-A62E-7E19FE60BF0A}.Debug|Any CPU.ActiveCfg = Debug|Any CPU
		{A4B591C8-409B-489A-A62E-7E19FE60BF0A}.Debug|Any CPU.Build.0 = Debug|Any CPU
		{A4B591C8-409B-489A-A62E-7E19FE60BF0A}.Release|Any CPU.ActiveCfg = Release|Any CPU
		{A4B591C8-409B-489A-A62E-7E19FE60BF0A}.Release|Any CPU.Build.0 = Release|Any CPU
		{CB27543B-2C6E-4161-BF3A-1BD19A26AB67}.Debug|Any CPU.ActiveCfg = Debug|Any CPU
		{CB27543B-2C6E-4161-BF3A-1BD19A26AB67}.Debug|Any CPU.Build.0 = Debug|Any CPU
		{CB27543B-2C6E-4161-BF3A-1BD19A26AB67}.Release|Any CPU.ActiveCfg = Release|Any CPU
		{CB27543B-2C6E-4161-BF3A-1BD19A26AB67}.Release|Any CPU.Build.0 = Release|Any CPU
		{A9D55405-BD0B-4C83-93BD-C10AD1AF307C}.Debug|Any CPU.ActiveCfg = Debug|Any CPU
		{A9D55405-BD0B-4C83-93BD-C10AD1AF307C}.Debug|Any CPU.Build.0 = Debug|Any CPU
		{A9D55405-BD0B-4C83-93BD-C10AD1AF307C}.Release|Any CPU.ActiveCfg = Release|Any CPU
		{A9D55405-BD0B-4C83-93BD-C10AD1AF307C}.Release|Any CPU.Build.0 = Release|Any CPU
		{F747340D-3810-4C35-8E45-9D28D288A1E9}.Debug|Any CPU.ActiveCfg = Debug|Any CPU
		{F747340D-3810-4C35-8E45-9D28D288A1E9}.Debug|Any CPU.Build.0 = Debug|Any CPU
		{F747340D-3810-4C35-8E45-9D28D288A1E9}.Release|Any CPU.ActiveCfg = Release|Any CPU
		{F747340D-3810-4C35-8E45-9D28D288A1E9}.Release|Any CPU.Build.0 = Release|Any CPU
		{184948B2-E83F-43B0-831F-3308EEE62154}.Debug|Any CPU.ActiveCfg = Debug|Any CPU
		{184948B2-E83F-43B0-831F-3308EEE62154}.Debug|Any CPU.Build.0 = Debug|Any CPU
		{184948B2-E83F-43B0-831F-3308EEE62154}.Release|Any CPU.ActiveCfg = Release|Any CPU
		{184948B2-E83F-43B0-831F-3308EEE62154}.Release|Any CPU.Build.0 = Release|Any CPU
		{28B4494B-1A38-49AA-BB94-776FD2C24D60}.Debug|Any CPU.ActiveCfg = Debug|Any CPU
		{28B4494B-1A38-49AA-BB94-776FD2C24D60}.Debug|Any CPU.Build.0 = Debug|Any CPU
		{28B4494B-1A38-49AA-BB94-776FD2C24D60}.Release|Any CPU.ActiveCfg = Release|Any CPU
		{28B4494B-1A38-49AA-BB94-776FD2C24D60}.Release|Any CPU.Build.0 = Release|Any CPU
	EndGlobalSection
	GlobalSection(SolutionProperties) = preSolution
		HideSolutionNode = FALSE
	EndGlobalSection
EndGlobal
